// !$*UTF8*$!
{
	archiveVersion = 1;
	classes = {
	};
	objectVersion = 46;
	objects = {

/* Begin PBXBuildFile section */
		A2EECBDC1E975CBF00285B4C /* AppDelegate.swift in Sources */ = {isa = PBXBuildFile; fileRef = A2EECBDB1E975CBF00285B4C /* AppDelegate.swift */; };
		A2EECBDE1E975CBF00285B4C /* InitialViewController.swift in Sources */ = {isa = PBXBuildFile; fileRef = A2EECBDD1E975CBF00285B4C /* InitialViewController.swift */; };
		A2EECBE11E975CBF00285B4C /* Main.storyboard in Resources */ = {isa = PBXBuildFile; fileRef = A2EECBDF1E975CBF00285B4C /* Main.storyboard */; };
		A2EECBE31E975CBF00285B4C /* Assets.xcassets in Resources */ = {isa = PBXBuildFile; fileRef = A2EECBE21E975CBF00285B4C /* Assets.xcassets */; };
		A2EECBE61E975CBF00285B4C /* LaunchScreen.storyboard in Resources */ = {isa = PBXBuildFile; fileRef = A2EECBE41E975CBF00285B4C /* LaunchScreen.storyboard */; };
		A2EECBEF1E97CC5C00285B4C /* Ext-InitialViewController.swift in Sources */ = {isa = PBXBuildFile; fileRef = A2EECBEE1E97CC5C00285B4C /* Ext-InitialViewController.swift */; };
		A2EECBF21E97CF5100285B4C /* ToDoCollectionViewCell.swift in Sources */ = {isa = PBXBuildFile; fileRef = A2EECBF11E97CF5100285B4C /* ToDoCollectionViewCell.swift */; };
		A2EECBF41E97D1A500285B4C /* AddViewController.swift in Sources */ = {isa = PBXBuildFile; fileRef = A2EECBF31E97D1A500285B4C /* AddViewController.swift */; };
		A2FF9F3A1E9C7D0D000D5541 /* ColorScheme.swift in Sources */ = {isa = PBXBuildFile; fileRef = A2FF9F391E9C7D0D000D5541 /* ColorScheme.swift */; };
		A2FF9F3E1E9C8968000D5541 /* Tasks.swift in Sources */ = {isa = PBXBuildFile; fileRef = A2FF9F3D1E9C8968000D5541 /* Tasks.swift */; };
/* End PBXBuildFile section */

/* Begin PBXFileReference section */
		A2EECBD81E975CBF00285B4C /* Execute Tasks.app */ = {isa = PBXFileReference; explicitFileType = wrapper.application; includeInIndex = 0; path = "Execute Tasks.app"; sourceTree = BUILT_PRODUCTS_DIR; };
		A2EECBDB1E975CBF00285B4C /* AppDelegate.swift */ = {isa = PBXFileReference; lastKnownFileType = sourcecode.swift; path = AppDelegate.swift; sourceTree = "<group>"; };
		A2EECBDD1E975CBF00285B4C /* InitialViewController.swift */ = {isa = PBXFileReference; lastKnownFileType = sourcecode.swift; path = InitialViewController.swift; sourceTree = "<group>"; };
		A2EECBE01E975CBF00285B4C /* Base */ = {isa = PBXFileReference; lastKnownFileType = file.storyboard; name = Base; path = Base.lproj/Main.storyboard; sourceTree = "<group>"; };
		A2EECBE21E975CBF00285B4C /* Assets.xcassets */ = {isa = PBXFileReference; lastKnownFileType = folder.assetcatalog; path = Assets.xcassets; sourceTree = "<group>"; };
		A2EECBE51E975CBF00285B4C /* Base */ = {isa = PBXFileReference; lastKnownFileType = file.storyboard; name = Base; path = Base.lproj/LaunchScreen.storyboard; sourceTree = "<group>"; };
		A2EECBE71E975CBF00285B4C /* Info.plist */ = {isa = PBXFileReference; lastKnownFileType = text.plist.xml; path = Info.plist; sourceTree = "<group>"; };
		A2EECBEE1E97CC5C00285B4C /* Ext-InitialViewController.swift */ = {isa = PBXFileReference; fileEncoding = 4; lastKnownFileType = sourcecode.swift; name = "Ext-InitialViewController.swift"; path = "../Ext-InitialViewController.swift"; sourceTree = "<group>"; };
		A2EECBF11E97CF5100285B4C /* ToDoCollectionViewCell.swift */ = {isa = PBXFileReference; fileEncoding = 4; lastKnownFileType = sourcecode.swift; path = ToDoCollectionViewCell.swift; sourceTree = "<group>"; };
		A2EECBF31E97D1A500285B4C /* AddViewController.swift */ = {isa = PBXFileReference; fileEncoding = 4; lastKnownFileType = sourcecode.swift; path = AddViewController.swift; sourceTree = "<group>"; };
		A2FF9F391E9C7D0D000D5541 /* ColorScheme.swift */ = {isa = PBXFileReference; fileEncoding = 4; lastKnownFileType = sourcecode.swift; path = ColorScheme.swift; sourceTree = "<group>"; };
		A2FF9F3D1E9C8968000D5541 /* Tasks.swift */ = {isa = PBXFileReference; fileEncoding = 4; lastKnownFileType = sourcecode.swift; path = Tasks.swift; sourceTree = "<group>"; };
/* End PBXFileReference section */

/* Begin PBXFrameworksBuildPhase section */
		A2EECBD51E975CBF00285B4C /* Frameworks */ = {
			isa = PBXFrameworksBuildPhase;
			buildActionMask = 2147483647;
			files = (
			);
			runOnlyForDeploymentPostprocessing = 0;
		};
/* End PBXFrameworksBuildPhase section */

/* Begin PBXGroup section */
		A2EECBCF1E975CBF00285B4C = {
			isa = PBXGroup;
			children = (
				A2EECBDA1E975CBF00285B4C /* Execute Tasks */,
				A2EECBD91E975CBF00285B4C /* Products */,
			);
			sourceTree = "<group>";
		};
		A2EECBD91E975CBF00285B4C /* Products */ = {
			isa = PBXGroup;
			children = (
				A2EECBD81E975CBF00285B4C /* Execute Tasks.app */,
			);
			name = Products;
			sourceTree = "<group>";
		};
		A2EECBDA1E975CBF00285B4C /* Execute Tasks */ = {
			isa = PBXGroup;
			children = (
				A2FF9F3B1E9C7FE2000D5541 /* UI Elements */,
				A2EECBF01E97CC7600285B4C /* Extensions */,
				A2EECBED1E975CFC00285B4C /* View Controllers */,
				A2FF9F3C1E9C7FF5000D5541 /* View Cells */,
				A2FF9F3F1E9C8975000D5541 /* Model */,
				A2EECBDF1E975CBF00285B4C /* Main.storyboard */,
				A2EECBDB1E975CBF00285B4C /* AppDelegate.swift */,
				A2EECBE21E975CBF00285B4C /* Assets.xcassets */,
				A2EECBE41E975CBF00285B4C /* LaunchScreen.storyboard */,
				A2EECBE71E975CBF00285B4C /* Info.plist */,
			);
			path = "Execute Tasks";
			sourceTree = "<group>";
		};
		A2EECBED1E975CFC00285B4C /* View Controllers */ = {
			isa = PBXGroup;
			children = (
				A2EECBDD1E975CBF00285B4C /* InitialViewController.swift */,
				A2EECBF31E97D1A500285B4C /* AddViewController.swift */,
			);
			name = "View Controllers";
			sourceTree = "<group>";
		};
		A2EECBF01E97CC7600285B4C /* Extensions */ = {
			isa = PBXGroup;
			children = (
				A2EECBEE1E97CC5C00285B4C /* Ext-InitialViewController.swift */,
			);
			name = Extensions;
			sourceTree = "<group>";
		};
		A2FF9F3B1E9C7FE2000D5541 /* UI Elements */ = {
			isa = PBXGroup;
			children = (
				A2FF9F391E9C7D0D000D5541 /* ColorScheme.swift */,
			);
			name = "UI Elements";
			sourceTree = "<group>";
		};
		A2FF9F3C1E9C7FF5000D5541 /* View Cells */ = {
			isa = PBXGroup;
			children = (
				A2EECBF11E97CF5100285B4C /* ToDoCollectionViewCell.swift */,
			);
			name = "View Cells";
			sourceTree = "<group>";
		};
		A2FF9F3F1E9C8975000D5541 /* Model */ = {
			isa = PBXGroup;
			children = (
				A2FF9F3D1E9C8968000D5541 /* Tasks.swift */,
			);
			name = Model;
			sourceTree = "<group>";
		};
/* End PBXGroup section */

/* Begin PBXNativeTarget section */
		A2EECBD71E975CBF00285B4C /* Execute Tasks */ = {
			isa = PBXNativeTarget;
			buildConfigurationList = A2EECBEA1E975CBF00285B4C /* Build configuration list for PBXNativeTarget "Execute Tasks" */;
			buildPhases = (
				A2EECBD41E975CBF00285B4C /* Sources */,
				A2EECBD51E975CBF00285B4C /* Frameworks */,
				A2EECBD61E975CBF00285B4C /* Resources */,
			);
			buildRules = (
			);
			dependencies = (
			);
			name = "Execute Tasks";
			productName = "Execute Tasks";
			productReference = A2EECBD81E975CBF00285B4C /* Execute Tasks.app */;
			productType = "com.apple.product-type.application";
		};
/* End PBXNativeTarget section */

/* Begin PBXProject section */
		A2EECBD01E975CBF00285B4C /* Project object */ = {
			isa = PBXProject;
			attributes = {
				LastSwiftUpdateCheck = 0830;
				LastUpgradeCheck = 0830;
				ORGANIZATIONNAME = Kadell;
				TargetAttributes = {
					A2EECBD71E975CBF00285B4C = {
						CreatedOnToolsVersion = 8.3;
						ProvisioningStyle = Automatic;
					};
				};
			};
			buildConfigurationList = A2EECBD31E975CBF00285B4C /* Build configuration list for PBXProject "Execute Tasks" */;
			compatibilityVersion = "Xcode 3.2";
			developmentRegion = English;
			hasScannedForEncodings = 0;
			knownRegions = (
				en,
				Base,
			);
			mainGroup = A2EECBCF1E975CBF00285B4C;
			productRefGroup = A2EECBD91E975CBF00285B4C /* Products */;
			projectDirPath = "";
			projectRoot = "";
			targets = (
				A2EECBD71E975CBF00285B4C /* Execute Tasks */,
			);
		};
/* End PBXProject section */

/* Begin PBXResourcesBuildPhase section */
		A2EECBD61E975CBF00285B4C /* Resources */ = {
			isa = PBXResourcesBuildPhase;
			buildActionMask = 2147483647;
			files = (
				A2EECBE61E975CBF00285B4C /* LaunchScreen.storyboard in Resources */,
				A2EECBE31E975CBF00285B4C /* Assets.xcassets in Resources */,
				A2EECBE11E975CBF00285B4C /* Main.storyboard in Resources */,
			);
			runOnlyForDeploymentPostprocessing = 0;
		};
/* End PBXResourcesBuildPhase section */

/* Begin PBXSourcesBuildPhase section */
		A2EECBD41E975CBF00285B4C /* Sources */ = {
			isa = PBXSourcesBuildPhase;
			buildActionMask = 2147483647;
			files = (
				A2FF9F3E1E9C8968000D5541 /* Tasks.swift in Sources */,
				A2EECBF41E97D1A500285B4C /* AddViewController.swift in Sources */,
				A2EECBF21E97CF5100285B4C /* ToDoCollectionViewCell.swift in Sources */,
				A2EECBEF1E97CC5C00285B4C /* Ext-InitialViewController.swift in Sources */,
				A2EECBDE1E975CBF00285B4C /* InitialViewController.swift in Sources */,
				A2FF9F3A1E9C7D0D000D5541 /* ColorScheme.swift in Sources */,
				A2EECBDC1E975CBF00285B4C /* AppDelegate.swift in Sources */,
			);
			runOnlyForDeploymentPostprocessing = 0;
		};
/* End PBXSourcesBuildPhase section */

/* Begin PBXVariantGroup section */
		A2EECBDF1E975CBF00285B4C /* Main.storyboard */ = {
			isa = PBXVariantGroup;
			children = (
				A2EECBE01E975CBF00285B4C /* Base */,
			);
			name = Main.storyboard;
			sourceTree = "<group>";
		};
		A2EECBE41E975CBF00285B4C /* LaunchScreen.storyboard */ = {
			isa = PBXVariantGroup;
			children = (
				A2EECBE51E975CBF00285B4C /* Base */,
			);
			name = LaunchScreen.storyboard;
			sourceTree = "<group>";
		};
/* End PBXVariantGroup section */

/* Begin XCBuildConfiguration section */
		A2EECBE81E975CBF00285B4C /* Debug */ = {
			isa = XCBuildConfiguration;
			buildSettings = {
				ALWAYS_SEARCH_USER_PATHS = NO;
				CLANG_ANALYZER_NONNULL = YES;
				CLANG_ANALYZER_NUMBER_OBJECT_CONVERSION = YES_AGGRESSIVE;
				CLANG_CXX_LANGUAGE_STANDARD = "gnu++0x";
				CLANG_CXX_LIBRARY = "libc++";
				CLANG_ENABLE_MODULES = YES;
				CLANG_ENABLE_OBJC_ARC = YES;
				CLANG_WARN_BOOL_CONVERSION = YES;
				CLANG_WARN_CONSTANT_CONVERSION = YES;
				CLANG_WARN_DIRECT_OBJC_ISA_USAGE = YES_ERROR;
				CLANG_WARN_DOCUMENTATION_COMMENTS = YES;
				CLANG_WARN_EMPTY_BODY = YES;
				CLANG_WARN_ENUM_CONVERSION = YES;
				CLANG_WARN_INFINITE_RECURSION = YES;
				CLANG_WARN_INT_CONVERSION = YES;
				CLANG_WARN_OBJC_ROOT_CLASS = YES_ERROR;
				CLANG_WARN_SUSPICIOUS_MOVE = YES;
				CLANG_WARN_UNREACHABLE_CODE = YES;
				CLANG_WARN__DUPLICATE_METHOD_MATCH = YES;
				"CODE_SIGN_IDENTITY[sdk=iphoneos*]" = "iPhone Developer";
				COPY_PHASE_STRIP = NO;
				DEBUG_INFORMATION_FORMAT = dwarf;
				ENABLE_STRICT_OBJC_MSGSEND = YES;
				ENABLE_TESTABILITY = YES;
				GCC_C_LANGUAGE_STANDARD = gnu99;
				GCC_DYNAMIC_NO_PIC = NO;
				GCC_NO_COMMON_BLOCKS = YES;
				GCC_OPTIMIZATION_LEVEL = 0;
				GCC_PREPROCESSOR_DEFINITIONS = (
					"DEBUG=1",
					"$(inherited)",
				);
				GCC_WARN_64_TO_32_BIT_CONVERSION = YES;
				GCC_WARN_ABOUT_RETURN_TYPE = YES_ERROR;
				GCC_WARN_UNDECLARED_SELECTOR = YES;
				GCC_WARN_UNINITIALIZED_AUTOS = YES_AGGRESSIVE;
				GCC_WARN_UNUSED_FUNCTION = YES;
				GCC_WARN_UNUSED_VARIABLE = YES;
				IPHONEOS_DEPLOYMENT_TARGET = 10.3;
				MTL_ENABLE_DEBUG_INFO = YES;
				ONLY_ACTIVE_ARCH = YES;
				SDKROOT = iphoneos;
				SWIFT_ACTIVE_COMPILATION_CONDITIONS = DEBUG;
				SWIFT_OPTIMIZATION_LEVEL = "-Onone";
				TARGETED_DEVICE_FAMILY = "1,2";
			};
			name = Debug;
		};
		A2EECBE91E975CBF00285B4C /* Release */ = {
			isa = XCBuildConfiguration;
			buildSettings = {
				ALWAYS_SEARCH_USER_PATHS = NO;
				CLANG_ANALYZER_NONNULL = YES;
				CLANG_ANALYZER_NUMBER_OBJECT_CONVERSION = YES_AGGRESSIVE;
				CLANG_CXX_LANGUAGE_STANDARD = "gnu++0x";
				CLANG_CXX_LIBRARY = "libc++";
				CLANG_ENABLE_MODULES = YES;
				CLANG_ENABLE_OBJC_ARC = YES;
				CLANG_WARN_BOOL_CONVERSION = YES;
				CLANG_WARN_CONSTANT_CONVERSION = YES;
				CLANG_WARN_DIRECT_OBJC_ISA_USAGE = YES_ERROR;
				CLANG_WARN_DOCUMENTATION_COMMENTS = YES;
				CLANG_WARN_EMPTY_BODY = YES;
				CLANG_WARN_ENUM_CONVERSION = YES;
				CLANG_WARN_INFINITE_RECURSION = YES;
				CLANG_WARN_INT_CONVERSION = YES;
				CLANG_WARN_OBJC_ROOT_CLASS = YES_ERROR;
				CLANG_WARN_SUSPICIOUS_MOVE = YES;
				CLANG_WARN_UNREACHABLE_CODE = YES;
				CLANG_WARN__DUPLICATE_METHOD_MATCH = YES;
				"CODE_SIGN_IDENTITY[sdk=iphoneos*]" = "iPhone Developer";
				COPY_PHASE_STRIP = NO;
				DEBUG_INFORMATION_FORMAT = "dwarf-with-dsym";
				ENABLE_NS_ASSERTIONS = NO;
				ENABLE_STRICT_OBJC_MSGSEND = YES;
				GCC_C_LANGUAGE_STANDARD = gnu99;
				GCC_NO_COMMON_BLOCKS = YES;
				GCC_WARN_64_TO_32_BIT_CONVERSION = YES;
				GCC_WARN_ABOUT_RETURN_TYPE = YES_ERROR;
				GCC_WARN_UNDECLARED_SELECTOR = YES;
				GCC_WARN_UNINITIALIZED_AUTOS = YES_AGGRESSIVE;
				GCC_WARN_UNUSED_FUNCTION = YES;
				GCC_WARN_UNUSED_VARIABLE = YES;
				IPHONEOS_DEPLOYMENT_TARGET = 10.3;
				MTL_ENABLE_DEBUG_INFO = NO;
				SDKROOT = iphoneos;
				SWIFT_OPTIMIZATION_LEVEL = "-Owholemodule";
				TARGETED_DEVICE_FAMILY = "1,2";
				VALIDATE_PRODUCT = YES;
			};
			name = Release;
		};
		A2EECBEB1E975CBF00285B4C /* Debug */ = {
			isa = XCBuildConfiguration;
			buildSettings = {
				ASSETCATALOG_COMPILER_APPICON_NAME = AppIcon;
				INFOPLIST_FILE = "Execute Tasks/Info.plist";
				LD_RUNPATH_SEARCH_PATHS = "$(inherited) @executable_path/Frameworks";
				PRODUCT_BUNDLE_IDENTIFIER = "com.Example.Execute-Tasks";
				PRODUCT_NAME = "$(TARGET_NAME)";
				SWIFT_VERSION = 3.0;
			};
			name = Debug;
		};
		A2EECBEC1E975CBF00285B4C /* Release */ = {
			isa = XCBuildConfiguration;
			buildSettings = {
				ASSETCATALOG_COMPILER_APPICON_NAME = AppIcon;
				INFOPLIST_FILE = "Execute Tasks/Info.plist";
				LD_RUNPATH_SEARCH_PATHS = "$(inherited) @executable_path/Frameworks";
				PRODUCT_BUNDLE_IDENTIFIER = "com.Example.Execute-Tasks";
				PRODUCT_NAME = "$(TARGET_NAME)";
				SWIFT_VERSION = 3.0;
			};
			name = Release;
		};
/* End XCBuildConfiguration section */

/* Begin XCConfigurationList section */
		A2EECBD31E975CBF00285B4C /* Build configuration list for PBXProject "Execute Tasks" */ = {
			isa = XCConfigurationList;
			buildConfigurations = (
				A2EECBE81E975CBF00285B4C /* Debug */,
				A2EECBE91E975CBF00285B4C /* Release */,
			);
			defaultConfigurationIsVisible = 0;
			defaultConfigurationName = Release;
		};
		A2EECBEA1E975CBF00285B4C /* Build configuration list for PBXNativeTarget "Execute Tasks" */ = {
			isa = XCConfigurationList;
			buildConfigurations = (
				A2EECBEB1E975CBF00285B4C /* Debug */,
				A2EECBEC1E975CBF00285B4C /* Release */,
			);
			defaultConfigurationIsVisible = 0;
			defaultConfigurationName = Release;
		};
/* End XCConfigurationList section */
	};
	rootObject = A2EECBD01E975CBF00285B4C /* Project object */;
}
